
Microsoft Visual Studio Solution File, Format Version 12.00
# Visual Studio Version 17
VisualStudioVersion = 17.6.33829.357
MinimumVisualStudioVersion = 10.0.40219.1
Project("{FAE04EC0-301F-11D3-BF4B-00C04F79EFBC}") = "MP3-Player_App", "MP3-Player_App\MP3-Player_App.csproj", "{8D38C938-8425-46B5-9747-A971A7DBAF55}"
EndProject
Global
	GlobalSection(SolutionConfigurationPlatforms) = preSolution
		Debug|Any CPU = Debug|Any CPU
		Release|Any CPU = Release|Any CPU
	EndGlobalSection
	GlobalSection(ProjectConfigurationPlatforms) = postSolution
		{8D38C938-8425-46B5-9747-A971A7DBAF55}.Debug|Any CPU.ActiveCfg = Debug|Any CPU
		{8D38C938-8425-46B5-9747-A971A7DBAF55}.Debug|Any CPU.Build.0 = Debug|Any CPU
		{8D38C938-8425-46B5-9747-A971A7DBAF55}.Release|Any CPU.ActiveCfg = Release|Any CPU
		{8D38C938-8425-46B5-9747-A971A7DBAF55}.Release|Any CPU.Build.0 = Release|Any CPU
	EndGlobalSection
	GlobalSection(SolutionProperties) = preSolution
		HideSolutionNode = FALSE
	EndGlobalSection
	GlobalSection(ExtensibilityGlobals) = postSolution
		SolutionGuid = {7127A6D0-1E06-49E9-A165-56F5B1DF122D}
	EndGlobalSection
EndGlobal
